
Microsoft Visual Studio Solution File, Format Version 12.00
# Visual Studio Version 17
VisualStudioVersion = 17.3.32901.215
MinimumVisualStudioVersion = 10.0.40219.1
Project("{9A19103F-16F7-4668-BE54-9A1E7A4F7556}") = "ödev_hafta_2", "ödev_hafta_2\ödev_hafta_2.csproj", "{A81D17D0-C50B-4293-B091-0A4A755E2467}"
EndProject
Project("{FAE04EC0-301F-11D3-BF4B-00C04F79EFBC}") = "hafta_3", "hafta_3\hafta_3.csproj", "{3788EBA4-8EBD-4EA8-A3BB-54FA985B1167}"
EndProject
Global
	GlobalSection(SolutionConfigurationPlatforms) = preSolution
		Debug|Any CPU = Debug|Any CPU
		Release|Any CPU = Release|Any CPU
	EndGlobalSection
	GlobalSection(ProjectConfigurationPlatforms) = postSolution
		{A81D17D0-C50B-4293-B091-0A4A755E2467}.Debug|Any CPU.ActiveCfg = Debug|Any CPU
		{A81D17D0-C50B-4293-B091-0A4A755E2467}.Debug|Any CPU.Build.0 = Debug|Any CPU
		{A81D17D0-C50B-4293-B091-0A4A755E2467}.Release|Any CPU.ActiveCfg = Release|Any CPU
		{A81D17D0-C50B-4293-B091-0A4A755E2467}.Release|Any CPU.Build.0 = Release|Any CPU
		{3788EBA4-8EBD-4EA8-A3BB-54FA985B1167}.Debug|Any CPU.ActiveCfg = Debug|Any CPU
		{3788EBA4-8EBD-4EA8-A3BB-54FA985B1167}.Debug|Any CPU.Build.0 = Debug|Any CPU
		{3788EBA4-8EBD-4EA8-A3BB-54FA985B1167}.Release|Any CPU.ActiveCfg = Release|Any CPU
		{3788EBA4-8EBD-4EA8-A3BB-54FA985B1167}.Release|Any CPU.Build.0 = Release|Any CPU
	EndGlobalSection
	GlobalSection(SolutionProperties) = preSolution
		HideSolutionNode = FALSE
	EndGlobalSection
	GlobalSection(ExtensibilityGlobals) = postSolution
		SolutionGuid = {819D9360-F6AE-4FC4-880B-569257F453AA}
	EndGlobalSection
EndGlobal
